
Microsoft Visual Studio Solution File, Format Version 12.00
# Visual Studio Version 16
VisualStudioVersion = 16.0.31019.35
MinimumVisualStudioVersion = 10.0.40219.1
Project("{FAE04EC0-301F-11D3-BF4B-00C04F79EFBC}") = "webi1", "webi1\webi1.csproj", "{3E8CF149-4B1C-431A-8B28-057B10DD8989}"
EndProject
Global
	GlobalSection(SolutionConfigurationPlatforms) = preSolution
		Debug|Any CPU = Debug|Any CPU
		Release|Any CPU = Release|Any CPU
	EndGlobalSection
	GlobalSection(ProjectConfigurationPlatforms) = postSolution
		{3E8CF149-4B1C-431A-8B28-057B10DD8989}.Debug|Any CPU.ActiveCfg = Debug|Any CPU
		{3E8CF149-4B1C-431A-8B28-057B10DD8989}.Debug|Any CPU.Build.0 = Debug|Any CPU
		{3E8CF149-4B1C-431A-8B28-057B10DD8989}.Release|Any CPU.ActiveCfg = Release|Any CPU
		{3E8CF149-4B1C-431A-8B28-057B10DD8989}.Release|Any CPU.Build.0 = Release|Any CPU
	EndGlobalSection
	GlobalSection(SolutionProperties) = preSolution
		HideSolutionNode = FALSE
	EndGlobalSection
	GlobalSection(ExtensibilityGlobals) = postSolution
		SolutionGuid = {D9772E70-C961-4AC4-B40D-8D64E97741D1}
	EndGlobalSection
EndGlobal
